// !$*UTF8*$!
{
	archiveVersion = 1;
	classes = {
	};
	objectVersion = 50;
	objects = {

/* Begin PBXBuildFile section */
		AB1EE74226BEBE8800A7CE05 /* AppDelegate.swift in Sources */ = {isa = PBXBuildFile; fileRef = AB1EE74126BEBE8800A7CE05 /* AppDelegate.swift */; };
		AB1EE74426BEBE8800A7CE05 /* SceneDelegate.swift in Sources */ = {isa = PBXBuildFile; fileRef = AB1EE74326BEBE8800A7CE05 /* SceneDelegate.swift */; };
		AB1EE74626BEBE8800A7CE05 /* ViewController.swift in Sources */ = {isa = PBXBuildFile; fileRef = AB1EE74526BEBE8800A7CE05 /* ViewController.swift */; };
		AB1EE74926BEBE8800A7CE05 /* Main.storyboard in Resources */ = {isa = PBXBuildFile; fileRef = AB1EE74726BEBE8800A7CE05 /* Main.storyboard */; };
		AB1EE74B26BEBE8900A7CE05 /* Assets.xcassets in Resources */ = {isa = PBXBuildFile; fileRef = AB1EE74A26BEBE8900A7CE05 /* Assets.xcassets */; };
		AB1EE74E26BEBE8900A7CE05 /* LaunchScreen.storyboard in Resources */ = {isa = PBXBuildFile; fileRef = AB1EE74C26BEBE8900A7CE05 /* LaunchScreen.storyboard */; };
/* End PBXBuildFile section */

/* Begin PBXFileReference section */
		AB1EE73E26BEBE8800A7CE05 /* Deniyoruz.app */ = {isa = PBXFileReference; explicitFileType = wrapper.application; includeInIndex = 0; path = Deniyoruz.app; sourceTree = BUILT_PRODUCTS_DIR; };
		AB1EE74126BEBE8800A7CE05 /* AppDelegate.swift */ = {isa = PBXFileReference; lastKnownFileType = sourcecode.swift; path = AppDelegate.swift; sourceTree = "<group>"; };
		AB1EE74326BEBE8800A7CE05 /* SceneDelegate.swift */ = {isa = PBXFileReference; lastKnownFileType = sourcecode.swift; path = SceneDelegate.swift; sourceTree = "<group>"; };
		AB1EE74526BEBE8800A7CE05 /* ViewController.swift */ = {isa = PBXFileReference; lastKnownFileType = sourcecode.swift; path = ViewController.swift; sourceTree = "<group>"; };
		AB1EE74826BEBE8800A7CE05 /* Base */ = {isa = PBXFileReference; lastKnownFileType = file.storyboard; name = Base; path = Base.lproj/Main.storyboard; sourceTree = "<group>"; };
		AB1EE74A26BEBE8900A7CE05 /* Assets.xcassets */ = {isa = PBXFileReference; lastKnownFileType = folder.assetcatalog; path = Assets.xcassets; sourceTree = "<group>"; };
		AB1EE74D26BEBE8900A7CE05 /* Base */ = {isa = PBXFileReference; lastKnownFileType = file.storyboard; name = Base; path = Base.lproj/LaunchScreen.storyboard; sourceTree = "<group>"; };
		AB1EE74F26BEBE8900A7CE05 /* Info.plist */ = {isa = PBXFileReference; lastKnownFileType = text.plist.xml; path = Info.plist; sourceTree = "<group>"; };
/* End PBXFileReference section */

/* Begin PBXFrameworksBuildPhase section */
		AB1EE73B26BEBE8800A7CE05 /* Frameworks */ = {
			isa = PBXFrameworksBuildPhase;
			buildActionMask = 2147483647;
			files = (
			);
			runOnlyForDeploymentPostprocessing = 0;
		};
/* End PBXFrameworksBuildPhase section */

/* Begin PBXGroup section */
		AB1EE73526BEBE8800A7CE05 = {
			isa = PBXGroup;
			children = (
				AB1EE74026BEBE8800A7CE05 /* Deniyoruz */,
				AB1EE73F26BEBE8800A7CE05 /* Products */,
			);
			sourceTree = "<group>";
		};
		AB1EE73F26BEBE8800A7CE05 /* Products */ = {
			isa = PBXGroup;
			children = (
				AB1EE73E26BEBE8800A7CE05 /* Deniyoruz.app */,
			);
			name = Products;
			sourceTree = "<group>";
		};
		AB1EE74026BEBE8800A7CE05 /* Deniyoruz */ = {
			isa = PBXGroup;
			children = (
				AB1EE74126BEBE8800A7CE05 /* AppDelegate.swift */,
				AB1EE74326BEBE8800A7CE05 /* SceneDelegate.swift */,
				AB1EE74526BEBE8800A7CE05 /* ViewController.swift */,
				AB1EE74726BEBE8800A7CE05 /* Main.storyboard */,
				AB1EE74A26BEBE8900A7CE05 /* Assets.xcassets */,
				AB1EE74C26BEBE8900A7CE05 /* LaunchScreen.storyboard */,
				AB1EE74F26BEBE8900A7CE05 /* Info.plist */,
			);
			path = Deniyoruz;
			sourceTree = "<group>";
		};
/* End PBXGroup section */

/* Begin PBXNativeTarget section */
		AB1EE73D26BEBE8800A7CE05 /* Deniyoruz */ = {
			isa = PBXNativeTarget;
			buildConfigurationList = AB1EE75226BEBE8900A7CE05 /* Build configuration list for PBXNativeTarget "Deniyoruz" */;
			buildPhases = (
				AB1EE73A26BEBE8800A7CE05 /* Sources */,
				AB1EE73B26BEBE8800A7CE05 /* Frameworks */,
				AB1EE73C26BEBE8800A7CE05 /* Resources */,
			);
			buildRules = (
			);
			dependencies = (
			);
			name = Deniyoruz;
			productName = Deniyoruz;
			productReference = AB1EE73E26BEBE8800A7CE05 /* Deniyoruz.app */;
			productType = "com.apple.product-type.application";
		};
/* End PBXNativeTarget section */

/* Begin PBXProject section */
		AB1EE73626BEBE8800A7CE05 /* Project object */ = {
			isa = PBXProject;
			attributes = {
				LastSwiftUpdateCheck = 1160;
				LastUpgradeCheck = 1160;
				ORGANIZATIONNAME = "Yigit Sargin";
				TargetAttributes = {
					AB1EE73D26BEBE8800A7CE05 = {
						CreatedOnToolsVersion = 11.6;
					};
				};
			};
			buildConfigurationList = AB1EE73926BEBE8800A7CE05 /* Build configuration list for PBXProject "Deniyoruz" */;
			compatibilityVersion = "Xcode 9.3";
			developmentRegion = en;
			hasScannedForEncodings = 0;
			knownRegions = (
				en,
				Base,
			);
			mainGroup = AB1EE73526BEBE8800A7CE05;
			productRefGroup = AB1EE73F26BEBE8800A7CE05 /* Products */;
			projectDirPath = "";
			projectRoot = "";
			targets = (
				AB1EE73D26BEBE8800A7CE05 /* Deniyoruz */,
			);
		};
/* End PBXProject section */

/* Begin PBXResourcesBuildPhase section */
		AB1EE73C26BEBE8800A7CE05 /* Resources */ = {
			isa = PBXResourcesBuildPhase;
			buildActionMask = 2147483647;
			files = (
				AB1EE74E26BEBE8900A7CE05 /* LaunchScreen.storyboard in Resources */,
				AB1EE74B26BEBE8900A7CE05 /* Assets.xcassets in Resources */,
				AB1EE74926BEBE8800A7CE05 /* Main.storyboard in Resources */,
			);
			runOnlyForDeploymentPostprocessing = 0;
		};
/* End PBXResourcesBuildPhase section */

/* Begin PBXSourcesBuildPhase section */
		AB1EE73A26BEBE8800A7CE05 /* Sources */ = {
			isa = PBXSourcesBuildPhase;
			buildActionMask = 2147483647;
			files = (
				AB1EE74626BEBE8800A7CE05 /* ViewController.swift in Sources */,
				AB1EE74226BEBE8800A7CE05 /* AppDelegate.swift in Sources */,
				AB1EE74426BEBE8800A7CE05 /* SceneDelegate.swift in Sources */,
			);
			runOnlyForDeploymentPostprocessing = 0;
		};
/* End PBXSourcesBuildPhase section */

/* Begin PBXVariantGroup section */
		AB1EE74726BEBE8800A7CE05 /* Main.storyboard */ = {
			isa = PBXVariantGroup;
			children = (
				AB1EE74826BEBE8800A7CE05 /* Base */,
			);
			name = Main.storyboard;
			sourceTree = "<group>";
		};
		AB1EE74C26BEBE8900A7CE05 /* LaunchScreen.storyboard */ = {
			isa = PBXVariantGroup;
			children = (
				AB1EE74D26BEBE8900A7CE05 /* Base */,
			);
			name = LaunchScreen.storyboard;
			sourceTree = "<group>";
		};
/* End PBXVariantGroup section */

/* Begin XCBuildConfiguration section */
		AB1EE75026BEBE8900A7CE05 /* Debug */ = {
			isa = XCBuildConfiguration;
			buildSettings = {
				ALWAYS_SEARCH_USER_PATHS = NO;
				CLANG_ANALYZER_NONNULL = YES;
				CLANG_ANALYZER_NUMBER_OBJECT_CONVERSION = YES_AGGRESSIVE;
				CLANG_CXX_LANGUAGE_STANDARD = "gnu++14";
				CLANG_CXX_LIBRARY = "libc++";
				CLANG_ENABLE_MODULES = YES;
				CLANG_ENABLE_OBJC_ARC = YES;
				CLANG_ENABLE_OBJC_WEAK = YES;
				CLANG_WARN_BLOCK_CAPTURE_AUTORELEASING = YES;
				CLANG_WARN_BOOL_CONVERSION = YES;
				CLANG_WARN_COMMA = YES;
				CLANG_WARN_CONSTANT_CONVERSION = YES;
				CLANG_WARN_DEPRECATED_OBJC_IMPLEMENTATIONS = YES;
				CLANG_WARN_DIRECT_OBJC_ISA_USAGE = YES_ERROR;
				CLANG_WARN_DOCUMENTATION_COMMENTS = YES;
				CLANG_WARN_EMPTY_BODY = YES;
				CLANG_WARN_ENUM_CONVERSION = YES;
				CLANG_WARN_INFINITE_RECURSION = YES;
				CLANG_WARN_INT_CONVERSION = YES;
				CLANG_WARN_NON_LITERAL_NULL_CONVERSION = YES;
				CLANG_WARN_OBJC_IMPLICIT_RETAIN_SELF = YES;
				CLANG_WARN_OBJC_LITERAL_CONVERSION = YES;
				CLANG_WARN_OBJC_ROOT_CLASS = YES_ERROR;
				CLANG_WARN_RANGE_LOOP_ANALYSIS = YES;
				CLANG_WARN_STRICT_PROTOTYPES = YES;
				CLANG_WARN_SUSPICIOUS_MOVE = YES;
				CLANG_WARN_UNGUARDED_AVAILABILITY = YES_AGGRESSIVE;
				CLANG_WARN_UNREACHABLE_CODE = YES;
				CLANG_WARN__DUPLICATE_METHOD_MATCH = YES;
				COPY_PHASE_STRIP = NO;
				DEBUG_INFORMATION_FORMAT = dwarf;
				ENABLE_STRICT_OBJC_MSGSEND = YES;
				ENABLE_TESTABILITY = YES;
				GCC_C_LANGUAGE_STANDARD = gnu11;
				GCC_DYNAMIC_NO_PIC = NO;
				GCC_NO_COMMON_BLOCKS = YES;
				GCC_OPTIMIZATION_LEVEL = 0;
				GCC_PREPROCESSOR_DEFINITIONS = (
					"DEBUG=1",
					"$(inherited)",
				);
				GCC_WARN_64_TO_32_BIT_CONVERSION = YES;
				GCC_WARN_ABOUT_RETURN_TYPE = YES_ERROR;
				GCC_WARN_UNDECLARED_SELECTOR = YES;
				GCC_WARN_UNINITIALIZED_AUTOS = YES_AGGRESSIVE;
				GCC_WARN_UNUSED_FUNCTION = YES;
				GCC_WARN_UNUSED_VARIABLE = YES;
				IPHONEOS_DEPLOYMENT_TARGET = 13.6;
				MTL_ENABLE_DEBUG_INFO = INCLUDE_SOURCE;
				MTL_FAST_MATH = YES;
				ONLY_ACTIVE_ARCH = YES;
				SDKROOT = iphoneos;
				SWIFT_ACTIVE_COMPILATION_CONDITIONS = DEBUG;
				SWIFT_OPTIMIZATION_LEVEL = "-Onone";
			};
			name = Debug;
		};
		AB1EE75126BEBE8900A7CE05 /* Release */ = {
			isa = XCBuildConfiguration;
			buildSettings = {
				ALWAYS_SEARCH_USER_PATHS = NO;
				CLANG_ANALYZER_NONNULL = YES;
				CLANG_ANALYZER_NUMBER_OBJECT_CONVERSION = YES_AGGRESSIVE;
				CLANG_CXX_LANGUAGE_STANDARD = "gnu++14";
				CLANG_CXX_LIBRARY = "libc++";
				CLANG_ENABLE_MODULES = YES;
				CLANG_ENABLE_OBJC_ARC = YES;
				CLANG_ENABLE_OBJC_WEAK = YES;
				CLANG_WARN_BLOCK_CAPTURE_AUTORELEASING = YES;
				CLANG_WARN_BOOL_CONVERSION = YES;
				CLANG_WARN_COMMA = YES;
				CLANG_WARN_CONSTANT_CONVERSION = YES;
				CLANG_WARN_DEPRECATED_OBJC_IMPLEMENTATIONS = YES;
				CLANG_WARN_DIRECT_OBJC_ISA_USAGE = YES_ERROR;
				CLANG_WARN_DOCUMENTATION_COMMENTS = YES;
				CLANG_WARN_EMPTY_BODY = YES;
				CLANG_WARN_ENUM_CONVERSION = YES;
				CLANG_WARN_INFINITE_RECURSION = YES;
				CLANG_WARN_INT_CONVERSION = YES;
				CLANG_WARN_NON_LITERAL_NULL_CONVERSION = YES;
				CLANG_WARN_OBJC_IMPLICIT_RETAIN_SELF = YES;
				CLANG_WARN_OBJC_LITERAL_CONVERSION = YES;
				CLANG_WARN_OBJC_ROOT_CLASS = YES_ERROR;
				CLANG_WARN_RANGE_LOOP_ANALYSIS = YES;
				CLANG_WARN_STRICT_PROTOTYPES = YES;
				CLANG_WARN_SUSPICIOUS_MOVE = YES;
				CLANG_WARN_UNGUARDED_AVAILABILITY = YES_AGGRESSIVE;
				CLANG_WARN_UNREACHABLE_CODE = YES;
				CLANG_WARN__DUPLICATE_METHOD_MATCH = YES;
				COPY_PHASE_STRIP = NO;
				DEBUG_INFORMATION_FORMAT = "dwarf-with-dsym";
				ENABLE_NS_ASSERTIONS = NO;
				ENABLE_STRICT_OBJC_MSGSEND = YES;
				GCC_C_LANGUAGE_STANDARD = gnu11;
				GCC_NO_COMMON_BLOCKS = YES;
				GCC_WARN_64_TO_32_BIT_CONVERSION = YES;
				GCC_WARN_ABOUT_RETURN_TYPE = YES_ERROR;
				GCC_WARN_UNDECLARED_SELECTOR = YES;
				GCC_WARN_UNINITIALIZED_AUTOS = YES_AGGRESSIVE;
				GCC_WARN_UNUSED_FUNCTION = YES;
				GCC_WARN_UNUSED_VARIABLE = YES;
				IPHONEOS_DEPLOYMENT_TARGET = 13.6;
				MTL_ENABLE_DEBUG_INFO = NO;
				MTL_FAST_MATH = YES;
				SDKROOT = iphoneos;
				SWIFT_COMPILATION_MODE = wholemodule;
				SWIFT_OPTIMIZATION_LEVEL = "-O";
				VALIDATE_PRODUCT = YES;
			};
			name = Release;
		};
		AB1EE75326BEBE8900A7CE05 /* Debug */ = {
			isa = XCBuildConfiguration;
			buildSettings = {
				ASSETCATALOG_COMPILER_APPICON_NAME = AppIcon;
				CODE_SIGN_STYLE = Automatic;
				DEVELOPMENT_TEAM = QT42V8783A;
				INFOPLIST_FILE = Deniyoruz/Info.plist;
				LD_RUNPATH_SEARCH_PATHS = (
					"$(inherited)",
					"@executable_path/Frameworks",
				);
				PRODUCT_BUNDLE_IDENTIFIER = com.yigitsargin.Deniyoruz;
				PRODUCT_NAME = "$(TARGET_NAME)";
				SWIFT_VERSION = 5.0;
				TARGETED_DEVICE_FAMILY = "1,2";
			};
			name = Debug;
		};
		AB1EE75426BEBE8900A7CE05 /* Release */ = {
			isa = XCBuildConfiguration;
			buildSettings = {
				ASSETCATALOG_COMPILER_APPICON_NAME = AppIcon;
				CODE_SIGN_STYLE = Automatic;
				DEVELOPMENT_TEAM = QT42V8783A;
				INFOPLIST_FILE = Deniyoruz/Info.plist;
				LD_RUNPATH_SEARCH_PATHS = (
					"$(inherited)",
					"@executable_path/Frameworks",
				);
				PRODUCT_BUNDLE_IDENTIFIER = com.yigitsargin.Deniyoruz;
				PRODUCT_NAME = "$(TARGET_NAME)";
				SWIFT_VERSION = 5.0;
				TARGETED_DEVICE_FAMILY = "1,2";
			};
			name = Release;
		};
/* End XCBuildConfiguration section */

/* Begin XCConfigurationList section */
		AB1EE73926BEBE8800A7CE05 /* Build configuration list for PBXProject "Deniyoruz" */ = {
			isa = XCConfigurationList;
			buildConfigurations = (
				AB1EE75026BEBE8900A7CE05 /* Debug */,
				AB1EE75126BEBE8900A7CE05 /* Release */,
			);
			defaultConfigurationIsVisible = 0;
			defaultConfigurationName = Release;
		};
		AB1EE75226BEBE8900A7CE05 /* Build configuration list for PBXNativeTarget "Deniyoruz" */ = {
			isa = XCConfigurationList;
			buildConfigurations = (
				AB1EE75326BEBE8900A7CE05 /* Debug */,
				AB1EE75426BEBE8900A7CE05 /* Release */,
			);
			defaultConfigurationIsVisible = 0;
			defaultConfigurationName = Release;
		};
/* End XCConfigurationList section */
	};
	rootObject = AB1EE73626BEBE8800A7CE05 /* Project object */;
}
